
Microsoft Visual Studio Solution File, Format Version 12.00
# Visual Studio Version 17
VisualStudioVersion = 17.14.37027.9 d17.14
MinimumVisualStudioVersion = 10.0.40219.1
Project("{FAE04EC0-301F-11D3-BF4B-00C04F79EFBC}") = "BastaPAn", "BastaPAn\BastaPAn.csproj", "{70CA787C-1F99-49C0-A074-6016BF9B8BB0}"
EndProject
Project("{FAE04EC0-301F-11D3-BF4B-00C04F79EFBC}") = "ClassLibrary1", "ClassLibrary1\ClassLibrary1.csproj", "{F3EDC450-13D7-40ED-A508-064C76BE3553}"
EndProject
Project("{FAE04EC0-301F-11D3-BF4B-00C04F79EFBC}") = "ClassLibrary2", "ClassLibrary2\ClassLibrary2.csproj", "{1CA002F9-01DF-4117-9D30-F46EF8CF5D0C}"
EndProject
Global
	GlobalSection(SolutionConfigurationPlatforms) = preSolution
		Debug|Any CPU = Debug|Any CPU
		Release|Any CPU = Release|Any CPU
	EndGlobalSection
	GlobalSection(ProjectConfigurationPlatforms) = postSolution
		{70CA787C-1F99-49C0-A074-6016BF9B8BB0}.Debug|Any CPU.ActiveCfg = Debug|Any CPU
		{70CA787C-1F99-49C0-A074-6016BF9B8BB0}.Debug|Any CPU.Build.0 = Debug|Any CPU
		{70CA787C-1F99-49C0-A074-6016BF9B8BB0}.Release|Any CPU.ActiveCfg = Release|Any CPU
		{70CA787C-1F99-49C0-A074-6016BF9B8BB0}.Release|Any CPU.Build.0 = Release|Any CPU
		{F3EDC450-13D7-40ED-A508-064C76BE3553}.Debug|Any CPU.ActiveCfg = Debug|Any CPU
		{F3EDC450-13D7-40ED-A508-064C76BE3553}.Debug|Any CPU.Build.0 = Debug|Any CPU
		{F3EDC450-13D7-40ED-A508-064C76BE3553}.Release|Any CPU.ActiveCfg = Release|Any CPU
		{F3EDC450-13D7-40ED-A508-064C76BE3553}.Release|Any CPU.Build.0 = Release|Any CPU
		{1CA002F9-01DF-4117-9D30-F46EF8CF5D0C}.Debug|Any CPU.ActiveCfg = Debug|Any CPU
		{1CA002F9-01DF-4117-9D30-F46EF8CF5D0C}.Debug|Any CPU.Build.0 = Debug|Any CPU
		{1CA002F9-01DF-4117-9D30-F46EF8CF5D0C}.Release|Any CPU.ActiveCfg = Release|Any CPU
		{1CA002F9-01DF-4117-9D30-F46EF8CF5D0C}.Release|Any CPU.Build.0 = Release|Any CPU
	EndGlobalSection
	GlobalSection(SolutionProperties) = preSolution
		HideSolutionNode = FALSE
	EndGlobalSection
	GlobalSection(ExtensibilityGlobals) = postSolution
		SolutionGuid = {E04A5B97-3970-497B-A716-393A088DEB60}
	EndGlobalSection
EndGlobal
